
Microsoft Visual Studio Solution File, Format Version 12.00
# Visual Studio 2013
VisualStudioVersion = 12.0.31101.0
MinimumVisualStudioVersion = 10.0.40219.1
Project("{FAE04EC0-301F-11D3-BF4B-00C04F79EFBC}") = "SQS.First", "SQS.First\SQS.First.csproj", "{B35B77E8-ACB5-4DA2-B78F-C14E1F90BA89}"
EndProject
Project("{FAE04EC0-301F-11D3-BF4B-00C04F79EFBC}") = "WebApi", "WebApi\WebApi.csproj", "{CD586A4C-E35F-4640-AB0B-30F720F39AA3}"
EndProject
Project("{FAE04EC0-301F-11D3-BF4B-00C04F79EFBC}") = "DataStorageQueue", "DataStorageQueue1\DataStorageQueue.csproj", "{FB99BAF4-BE6E-43F2-B903-50F0049AC496}"
EndProject
Project("{FAE04EC0-301F-11D3-BF4B-00C04F79EFBC}") = "WebJob", "WebJob\WebJob.csproj", "{37D42001-C6F1-4628-A3E7-575E36746E82}"
EndProject
Project("{FAE04EC0-301F-11D3-BF4B-00C04F79EFBC}") = "ElasticSearch", "ElasticSearch\ElasticSearch.csproj", "{8192A5BA-0BD9-4AD4-BC95-AE90026DCDE2}"
EndProject
Project("{2150E333-8FDC-42A3-9474-1A3956D46DE8}") = ".nuget", ".nuget", "{18CFC1AB-0426-47FF-81D4-73B82BFA3410}"
	ProjectSection(SolutionItems) = preProject
		.nuget\NuGet.Config = .nuget\NuGet.Config
		.nuget\NuGet.exe = .nuget\NuGet.exe
		.nuget\NuGet.targets = .nuget\NuGet.targets
	EndProjectSection
EndProject
Global
	GlobalSection(SolutionConfigurationPlatforms) = preSolution
		Debug|Any CPU = Debug|Any CPU
		Release|Any CPU = Release|Any CPU
	EndGlobalSection
	GlobalSection(ProjectConfigurationPlatforms) = postSolution
		{B35B77E8-ACB5-4DA2-B78F-C14E1F90BA89}.Debug|Any CPU.ActiveCfg = Debug|Any CPU
		{B35B77E8-ACB5-4DA2-B78F-C14E1F90BA89}.Debug|Any CPU.Build.0 = Debug|Any CPU
		{B35B77E8-ACB5-4DA2-B78F-C14E1F90BA89}.Release|Any CPU.ActiveCfg = Release|Any CPU
		{B35B77E8-ACB5-4DA2-B78F-C14E1F90BA89}.Release|Any CPU.Build.0 = Release|Any CPU
		{CD586A4C-E35F-4640-AB0B-30F720F39AA3}.Debug|Any CPU.ActiveCfg = Debug|Any CPU
		{CD586A4C-E35F-4640-AB0B-30F720F39AA3}.Debug|Any CPU.Build.0 = Debug|Any CPU
		{CD586A4C-E35F-4640-AB0B-30F720F39AA3}.Release|Any CPU.ActiveCfg = Release|Any CPU
		{CD586A4C-E35F-4640-AB0B-30F720F39AA3}.Release|Any CPU.Build.0 = Release|Any CPU
		{FB99BAF4-BE6E-43F2-B903-50F0049AC496}.Debug|Any CPU.ActiveCfg = Debug|Any CPU
		{FB99BAF4-BE6E-43F2-B903-50F0049AC496}.Debug|Any CPU.Build.0 = Debug|Any CPU
		{FB99BAF4-BE6E-43F2-B903-50F0049AC496}.Release|Any CPU.ActiveCfg = Release|Any CPU
		{FB99BAF4-BE6E-43F2-B903-50F0049AC496}.Release|Any CPU.Build.0 = Release|Any CPU
		{37D42001-C6F1-4628-A3E7-575E36746E82}.Debug|Any CPU.ActiveCfg = Debug|Any CPU
		{37D42001-C6F1-4628-A3E7-575E36746E82}.Debug|Any CPU.Build.0 = Debug|Any CPU
		{37D42001-C6F1-4628-A3E7-575E36746E82}.Release|Any CPU.ActiveCfg = Release|Any CPU
		{37D42001-C6F1-4628-A3E7-575E36746E82}.Release|Any CPU.Build.0 = Release|Any CPU
		{8192A5BA-0BD9-4AD4-BC95-AE90026DCDE2}.Debug|Any CPU.ActiveCfg = Debug|Any CPU
		{8192A5BA-0BD9-4AD4-BC95-AE90026DCDE2}.Debug|Any CPU.Build.0 = Debug|Any CPU
		{8192A5BA-0BD9-4AD4-BC95-AE90026DCDE2}.Release|Any CPU.ActiveCfg = Release|Any CPU
		{8192A5BA-0BD9-4AD4-BC95-AE90026DCDE2}.Release|Any CPU.Build.0 = Release|Any CPU
	EndGlobalSection
	GlobalSection(SolutionProperties) = preSolution
		HideSolutionNode = FALSE
	EndGlobalSection
EndGlobal
